
Microsoft Visual Studio Solution File, Format Version 12.00
# Visual Studio 14
VisualStudioVersion = 14.0.25420.1
MinimumVisualStudioVersion = 10.0.40219.1
Project("{8BC9CEB8-8B4A-11D0-8D11-00A0C91BC942}") = "xed.NET", "xed.NET\xed.NET.vcxproj", "{5322C42D-EE75-4A70-9494-DAC81111F570}"
EndProject
Project("{FAE04EC0-301F-11D3-BF4B-00C04F79EFBC}") = "ConsoleTest", "ConsoleTest\ConsoleTest.csproj", "{D76F790A-2B82-4FA2-9177-D7B71D62CC49}"
EndProject
Global
	GlobalSection(SolutionConfigurationPlatforms) = preSolution
		Debug|x64 = Debug|x64
		Debug|x86 = Debug|x86
		Release|x64 = Release|x64
		Release|x86 = Release|x86
	EndGlobalSection
	GlobalSection(ProjectConfigurationPlatforms) = postSolution
		{5322C42D-EE75-4A70-9494-DAC81111F570}.Debug|x64.ActiveCfg = Debug|x64
		{5322C42D-EE75-4A70-9494-DAC81111F570}.Debug|x64.Build.0 = Debug|x64
		{5322C42D-EE75-4A70-9494-DAC81111F570}.Debug|x86.ActiveCfg = Debug|Win32
		{5322C42D-EE75-4A70-9494-DAC81111F570}.Debug|x86.Build.0 = Debug|Win32
		{5322C42D-EE75-4A70-9494-DAC81111F570}.Release|x64.ActiveCfg = Release|x64
		{5322C42D-EE75-4A70-9494-DAC81111F570}.Release|x64.Build.0 = Release|x64
		{5322C42D-EE75-4A70-9494-DAC81111F570}.Release|x86.ActiveCfg = Release|Win32
		{5322C42D-EE75-4A70-9494-DAC81111F570}.Release|x86.Build.0 = Release|Win32
		{D76F790A-2B82-4FA2-9177-D7B71D62CC49}.Debug|x64.ActiveCfg = Debug|x64
		{D76F790A-2B82-4FA2-9177-D7B71D62CC49}.Debug|x64.Build.0 = Debug|x64
		{D76F790A-2B82-4FA2-9177-D7B71D62CC49}.Debug|x86.ActiveCfg = Debug|x86
		{D76F790A-2B82-4FA2-9177-D7B71D62CC49}.Debug|x86.Build.0 = Debug|x86
		{D76F790A-2B82-4FA2-9177-D7B71D62CC49}.Release|x64.ActiveCfg = Release|x64
		{D76F790A-2B82-4FA2-9177-D7B71D62CC49}.Release|x64.Build.0 = Release|x64
		{D76F790A-2B82-4FA2-9177-D7B71D62CC49}.Release|x86.ActiveCfg = Release|x86
		{D76F790A-2B82-4FA2-9177-D7B71D62CC49}.Release|x86.Build.0 = Release|x86
	EndGlobalSection
	GlobalSection(SolutionProperties) = preSolution
		HideSolutionNode = FALSE
	EndGlobalSection
EndGlobal
